// !$*UTF8*$!
{
	archiveVersion = 1;
	classes = {
	};
	objectVersion = 56;
	objects = {

/* Begin PBXBuildFile section */
		CC30E8252A57FF81009E95AE /* colorPair.swift in Sources */ = {isa = PBXBuildFile; fileRef = CC30E8242A57FF81009E95AE /* colorPair.swift */; };
		CC4B2CFE2A56E8BF0038999E /* AppDelegate.swift in Sources */ = {isa = PBXBuildFile; fileRef = CC4B2CFD2A56E8BF0038999E /* AppDelegate.swift */; };
		CC4B2D002A56E8BF0038999E /* SceneDelegate.swift in Sources */ = {isa = PBXBuildFile; fileRef = CC4B2CFF2A56E8BF0038999E /* SceneDelegate.swift */; };
		CC4B2D022A56E8BF0038999E /* ViewController.swift in Sources */ = {isa = PBXBuildFile; fileRef = CC4B2D012A56E8BF0038999E /* ViewController.swift */; };
		CC4B2D072A56E8C10038999E /* Assets.xcassets in Resources */ = {isa = PBXBuildFile; fileRef = CC4B2D062A56E8C10038999E /* Assets.xcassets */; };
		CC4B2D0A2A56E8C10038999E /* LaunchScreen.storyboard in Resources */ = {isa = PBXBuildFile; fileRef = CC4B2D082A56E8C10038999E /* LaunchScreen.storyboard */; };
		CC4FEA772A56EBBC00F63CC8 /* File.swift in Sources */ = {isa = PBXBuildFile; fileRef = CC4FEA762A56EBBC00F63CC8 /* File.swift */; };
/* End PBXBuildFile section */

/* Begin PBXFileReference section */
		CC30E8242A57FF81009E95AE /* colorPair.swift */ = {isa = PBXFileReference; lastKnownFileType = sourcecode.swift; path = colorPair.swift; sourceTree = "<group>"; };
		CC4B2CFA2A56E8BF0038999E /* Remote_Assignment_Week2.app */ = {isa = PBXFileReference; explicitFileType = wrapper.application; includeInIndex = 0; path = Remote_Assignment_Week2.app; sourceTree = BUILT_PRODUCTS_DIR; };
		CC4B2CFD2A56E8BF0038999E /* AppDelegate.swift */ = {isa = PBXFileReference; lastKnownFileType = sourcecode.swift; path = AppDelegate.swift; sourceTree = "<group>"; };
		CC4B2CFF2A56E8BF0038999E /* SceneDelegate.swift */ = {isa = PBXFileReference; lastKnownFileType = sourcecode.swift; path = SceneDelegate.swift; sourceTree = "<group>"; };
		CC4B2D012A56E8BF0038999E /* ViewController.swift */ = {isa = PBXFileReference; lastKnownFileType = sourcecode.swift; path = ViewController.swift; sourceTree = "<group>"; };
		CC4B2D062A56E8C10038999E /* Assets.xcassets */ = {isa = PBXFileReference; lastKnownFileType = folder.assetcatalog; path = Assets.xcassets; sourceTree = "<group>"; };
		CC4B2D092A56E8C10038999E /* Base */ = {isa = PBXFileReference; lastKnownFileType = file.storyboard; name = Base; path = Base.lproj/LaunchScreen.storyboard; sourceTree = "<group>"; };
		CC4B2D0B2A56E8C10038999E /* Info.plist */ = {isa = PBXFileReference; lastKnownFileType = text.plist.xml; path = Info.plist; sourceTree = "<group>"; };
		CC4FEA762A56EBBC00F63CC8 /* File.swift */ = {isa = PBXFileReference; lastKnownFileType = sourcecode.swift; path = File.swift; sourceTree = "<group>"; };
/* End PBXFileReference section */

/* Begin PBXFrameworksBuildPhase section */
		CC4B2CF72A56E8BF0038999E /* Frameworks */ = {
			isa = PBXFrameworksBuildPhase;
			buildActionMask = 2147483647;
			files = (
			);
			runOnlyForDeploymentPostprocessing = 0;
		};
/* End PBXFrameworksBuildPhase section */

/* Begin PBXGroup section */
		CC4B2CF12A56E8BF0038999E = {
			isa = PBXGroup;
			children = (
				CC4B2CFC2A56E8BF0038999E /* Remote_Assignment_Week2 */,
				CC4B2CFB2A56E8BF0038999E /* Products */,
			);
			sourceTree = "<group>";
		};
		CC4B2CFB2A56E8BF0038999E /* Products */ = {
			isa = PBXGroup;
			children = (
				CC4B2CFA2A56E8BF0038999E /* Remote_Assignment_Week2.app */,
			);
			name = Products;
			sourceTree = "<group>";
		};
		CC4B2CFC2A56E8BF0038999E /* Remote_Assignment_Week2 */ = {
			isa = PBXGroup;
			children = (
				CC4B2CFD2A56E8BF0038999E /* AppDelegate.swift */,
				CC4B2CFF2A56E8BF0038999E /* SceneDelegate.swift */,
				CC4FEA752A56EB8200F63CC8 /* Model */,
				CC4B2D012A56E8BF0038999E /* ViewController.swift */,
				CC4B2D062A56E8C10038999E /* Assets.xcassets */,
				CC4B2D082A56E8C10038999E /* LaunchScreen.storyboard */,
				CC4B2D0B2A56E8C10038999E /* Info.plist */,
			);
			path = Remote_Assignment_Week2;
			sourceTree = "<group>";
		};
		CC4FEA752A56EB8200F63CC8 /* Model */ = {
			isa = PBXGroup;
			children = (
				CC4FEA762A56EBBC00F63CC8 /* File.swift */,
				CC30E8242A57FF81009E95AE /* colorPair.swift */,
			);
			path = Model;
			sourceTree = "<group>";
		};
/* End PBXGroup section */

/* Begin PBXNativeTarget section */
		CC4B2CF92A56E8BF0038999E /* Remote_Assignment_Week2 */ = {
			isa = PBXNativeTarget;
			buildConfigurationList = CC4B2D0E2A56E8C10038999E /* Build configuration list for PBXNativeTarget "Remote_Assignment_Week2" */;
			buildPhases = (
				CC4B2CF62A56E8BF0038999E /* Sources */,
				CC4B2CF72A56E8BF0038999E /* Frameworks */,
				CC4B2CF82A56E8BF0038999E /* Resources */,
			);
			buildRules = (
			);
			dependencies = (
			);
			name = Remote_Assignment_Week2;
			productName = Remote_Assignment_Week2;
			productReference = CC4B2CFA2A56E8BF0038999E /* Remote_Assignment_Week2.app */;
			productType = "com.apple.product-type.application";
		};
/* End PBXNativeTarget section */

/* Begin PBXProject section */
		CC4B2CF22A56E8BF0038999E /* Project object */ = {
			isa = PBXProject;
			attributes = {
				BuildIndependentTargetsInParallel = 1;
				LastSwiftUpdateCheck = 1430;
				LastUpgradeCheck = 1430;
				TargetAttributes = {
					CC4B2CF92A56E8BF0038999E = {
						CreatedOnToolsVersion = 14.3.1;
					};
				};
			};
			buildConfigurationList = CC4B2CF52A56E8BF0038999E /* Build configuration list for PBXProject "Remote_Assignment_Week2" */;
			compatibilityVersion = "Xcode 14.0";
			developmentRegion = en;
			hasScannedForEncodings = 0;
			knownRegions = (
				en,
				Base,
			);
			mainGroup = CC4B2CF12A56E8BF0038999E;
			productRefGroup = CC4B2CFB2A56E8BF0038999E /* Products */;
			projectDirPath = "";
			projectRoot = "";
			targets = (
				CC4B2CF92A56E8BF0038999E /* Remote_Assignment_Week2 */,
			);
		};
/* End PBXProject section */

/* Begin PBXResourcesBuildPhase section */
		CC4B2CF82A56E8BF0038999E /* Resources */ = {
			isa = PBXResourcesBuildPhase;
			buildActionMask = 2147483647;
			files = (
				CC4B2D0A2A56E8C10038999E /* LaunchScreen.storyboard in Resources */,
				CC4B2D072A56E8C10038999E /* Assets.xcassets in Resources */,
			);
			runOnlyForDeploymentPostprocessing = 0;
		};
/* End PBXResourcesBuildPhase section */

/* Begin PBXSourcesBuildPhase section */
		CC4B2CF62A56E8BF0038999E /* Sources */ = {
			isa = PBXSourcesBuildPhase;
			buildActionMask = 2147483647;
			files = (
				CC4B2D022A56E8BF0038999E /* ViewController.swift in Sources */,
				CC4FEA772A56EBBC00F63CC8 /* File.swift in Sources */,
				CC4B2CFE2A56E8BF0038999E /* AppDelegate.swift in Sources */,
				CC30E8252A57FF81009E95AE /* colorPair.swift in Sources */,
				CC4B2D002A56E8BF0038999E /* SceneDelegate.swift in Sources */,
			);
			runOnlyForDeploymentPostprocessing = 0;
		};
/* End PBXSourcesBuildPhase section */

/* Begin PBXVariantGroup section */
		CC4B2D082A56E8C10038999E /* LaunchScreen.storyboard */ = {
			isa = PBXVariantGroup;
			children = (
				CC4B2D092A56E8C10038999E /* Base */,
			);
			name = LaunchScreen.storyboard;
			sourceTree = "<group>";
		};
/* End PBXVariantGroup section */

/* Begin XCBuildConfiguration section */
		CC4B2D0C2A56E8C10038999E /* Debug */ = {
			isa = XCBuildConfiguration;
			buildSettings = {
				ALWAYS_SEARCH_USER_PATHS = NO;
				CLANG_ANALYZER_NONNULL = YES;
				CLANG_ANALYZER_NUMBER_OBJECT_CONVERSION = YES_AGGRESSIVE;
				CLANG_CXX_LANGUAGE_STANDARD = "gnu++20";
				CLANG_ENABLE_MODULES = YES;
				CLANG_ENABLE_OBJC_ARC = YES;
				CLANG_ENABLE_OBJC_WEAK = YES;
				CLANG_WARN_BLOCK_CAPTURE_AUTORELEASING = YES;
				CLANG_WARN_BOOL_CONVERSION = YES;
				CLANG_WARN_COMMA = YES;
				CLANG_WARN_CONSTANT_CONVERSION = YES;
				CLANG_WARN_DEPRECATED_OBJC_IMPLEMENTATIONS = YES;
				CLANG_WARN_DIRECT_OBJC_ISA_USAGE = YES_ERROR;
				CLANG_WARN_DOCUMENTATION_COMMENTS = YES;
				CLANG_WARN_EMPTY_BODY = YES;
				CLANG_WARN_ENUM_CONVERSION = YES;
				CLANG_WARN_INFINITE_RECURSION = YES;
				CLANG_WARN_INT_CONVERSION = YES;
				CLANG_WARN_NON_LITERAL_NULL_CONVERSION = YES;
				CLANG_WARN_OBJC_IMPLICIT_RETAIN_SELF = YES;
				CLANG_WARN_OBJC_LITERAL_CONVERSION = YES;
				CLANG_WARN_OBJC_ROOT_CLASS = YES_ERROR;
				CLANG_WARN_QUOTED_INCLUDE_IN_FRAMEWORK_HEADER = YES;
				CLANG_WARN_RANGE_LOOP_ANALYSIS = YES;
				CLANG_WARN_STRICT_PROTOTYPES = YES;
				CLANG_WARN_SUSPICIOUS_MOVE = YES;
				CLANG_WARN_UNGUARDED_AVAILABILITY = YES_AGGRESSIVE;
				CLANG_WARN_UNREACHABLE_CODE = YES;
				CLANG_WARN__DUPLICATE_METHOD_MATCH = YES;
				COPY_PHASE_STRIP = NO;
				DEBUG_INFORMATION_FORMAT = dwarf;
				ENABLE_STRICT_OBJC_MSGSEND = YES;
				ENABLE_TESTABILITY = YES;
				GCC_C_LANGUAGE_STANDARD = gnu11;
				GCC_DYNAMIC_NO_PIC = NO;
				GCC_NO_COMMON_BLOCKS = YES;
				GCC_OPTIMIZATION_LEVEL = 0;
				GCC_PREPROCESSOR_DEFINITIONS = (
					"DEBUG=1",
					"$(inherited)",
				);
				GCC_WARN_64_TO_32_BIT_CONVERSION = YES;
				GCC_WARN_ABOUT_RETURN_TYPE = YES_ERROR;
				GCC_WARN_UNDECLARED_SELECTOR = YES;
				GCC_WARN_UNINITIALIZED_AUTOS = YES_AGGRESSIVE;
				GCC_WARN_UNUSED_FUNCTION = YES;
				GCC_WARN_UNUSED_VARIABLE = YES;
				IPHONEOS_DEPLOYMENT_TARGET = 16.4;
				MTL_ENABLE_DEBUG_INFO = INCLUDE_SOURCE;
				MTL_FAST_MATH = YES;
				ONLY_ACTIVE_ARCH = YES;
				SDKROOT = iphoneos;
				SWIFT_ACTIVE_COMPILATION_CONDITIONS = DEBUG;
				SWIFT_OPTIMIZATION_LEVEL = "-Onone";
			};
			name = Debug;
		};
		CC4B2D0D2A56E8C10038999E /* Release */ = {
			isa = XCBuildConfiguration;
			buildSettings = {
				ALWAYS_SEARCH_USER_PATHS = NO;
				CLANG_ANALYZER_NONNULL = YES;
				CLANG_ANALYZER_NUMBER_OBJECT_CONVERSION = YES_AGGRESSIVE;
				CLANG_CXX_LANGUAGE_STANDARD = "gnu++20";
				CLANG_ENABLE_MODULES = YES;
				CLANG_ENABLE_OBJC_ARC = YES;
				CLANG_ENABLE_OBJC_WEAK = YES;
				CLANG_WARN_BLOCK_CAPTURE_AUTORELEASING = YES;
				CLANG_WARN_BOOL_CONVERSION = YES;
				CLANG_WARN_COMMA = YES;
				CLANG_WARN_CONSTANT_CONVERSION = YES;
				CLANG_WARN_DEPRECATED_OBJC_IMPLEMENTATIONS = YES;
				CLANG_WARN_DIRECT_OBJC_ISA_USAGE = YES_ERROR;
				CLANG_WARN_DOCUMENTATION_COMMENTS = YES;
				CLANG_WARN_EMPTY_BODY = YES;
				CLANG_WARN_ENUM_CONVERSION = YES;
				CLANG_WARN_INFINITE_RECURSION = YES;
				CLANG_WARN_INT_CONVERSION = YES;
				CLANG_WARN_NON_LITERAL_NULL_CONVERSION = YES;
				CLANG_WARN_OBJC_IMPLICIT_RETAIN_SELF = YES;
				CLANG_WARN_OBJC_LITERAL_CONVERSION = YES;
				CLANG_WARN_OBJC_ROOT_CLASS = YES_ERROR;
				CLANG_WARN_QUOTED_INCLUDE_IN_FRAMEWORK_HEADER = YES;
				CLANG_WARN_RANGE_LOOP_ANALYSIS = YES;
				CLANG_WARN_STRICT_PROTOTYPES = YES;
				CLANG_WARN_SUSPICIOUS_MOVE = YES;
				CLANG_WARN_UNGUARDED_AVAILABILITY = YES_AGGRESSIVE;
				CLANG_WARN_UNREACHABLE_CODE = YES;
				CLANG_WARN__DUPLICATE_METHOD_MATCH = YES;
				COPY_PHASE_STRIP = NO;
				DEBUG_INFORMATION_FORMAT = "dwarf-with-dsym";
				ENABLE_NS_ASSERTIONS = NO;
				ENABLE_STRICT_OBJC_MSGSEND = YES;
				GCC_C_LANGUAGE_STANDARD = gnu11;
				GCC_NO_COMMON_BLOCKS = YES;
				GCC_WARN_64_TO_32_BIT_CONVERSION = YES;
				GCC_WARN_ABOUT_RETURN_TYPE = YES_ERROR;
				GCC_WARN_UNDECLARED_SELECTOR = YES;
				GCC_WARN_UNINITIALIZED_AUTOS = YES_AGGRESSIVE;
				GCC_WARN_UNUSED_FUNCTION = YES;
				GCC_WARN_UNUSED_VARIABLE = YES;
				IPHONEOS_DEPLOYMENT_TARGET = 16.4;
				MTL_ENABLE_DEBUG_INFO = NO;
				MTL_FAST_MATH = YES;
				SDKROOT = iphoneos;
				SWIFT_COMPILATION_MODE = wholemodule;
				SWIFT_OPTIMIZATION_LEVEL = "-O";
				VALIDATE_PRODUCT = YES;
			};
			name = Release;
		};
		CC4B2D0F2A56E8C10038999E /* Debug */ = {
			isa = XCBuildConfiguration;
			buildSettings = {
				ASSETCATALOG_COMPILER_APPICON_NAME = AppIcon;
				ASSETCATALOG_COMPILER_GLOBAL_ACCENT_COLOR_NAME = AccentColor;
				CODE_SIGN_STYLE = Automatic;
				CURRENT_PROJECT_VERSION = 1;
				DEVELOPMENT_TEAM = VP4GBKDNYR;
				GENERATE_INFOPLIST_FILE = YES;
				INFOPLIST_FILE = Remote_Assignment_Week2/Info.plist;
				INFOPLIST_KEY_UIApplicationSupportsIndirectInputEvents = YES;
				INFOPLIST_KEY_UILaunchStoryboardName = LaunchScreen;
				INFOPLIST_KEY_UISupportedInterfaceOrientations_iPad = "UIInterfaceOrientationPortrait UIInterfaceOrientationPortraitUpsideDown UIInterfaceOrientationLandscapeLeft UIInterfaceOrientationLandscapeRight";
				INFOPLIST_KEY_UISupportedInterfaceOrientations_iPhone = "UIInterfaceOrientationPortrait UIInterfaceOrientationLandscapeLeft UIInterfaceOrientationLandscapeRight";
				LD_RUNPATH_SEARCH_PATHS = (
					"$(inherited)",
					"@executable_path/Frameworks",
				);
				MARKETING_VERSION = 1.0;
				PRODUCT_BUNDLE_IDENTIFIER = "KikiWang.Remote-Assignment-Week2";
				PRODUCT_NAME = "$(TARGET_NAME)";
				SWIFT_EMIT_LOC_STRINGS = YES;
				SWIFT_VERSION = 5.0;
				TARGETED_DEVICE_FAMILY = "1,2";
			};
			name = Debug;
		};
		CC4B2D102A56E8C10038999E /* Release */ = {
			isa = XCBuildConfiguration;
			buildSettings = {
				ASSETCATALOG_COMPILER_APPICON_NAME = AppIcon;
				ASSETCATALOG_COMPILER_GLOBAL_ACCENT_COLOR_NAME = AccentColor;
				CODE_SIGN_STYLE = Automatic;
				CURRENT_PROJECT_VERSION = 1;
				DEVELOPMENT_TEAM = VP4GBKDNYR;
				GENERATE_INFOPLIST_FILE = YES;
				INFOPLIST_FILE = Remote_Assignment_Week2/Info.plist;
				INFOPLIST_KEY_UIApplicationSupportsIndirectInputEvents = YES;
				INFOPLIST_KEY_UILaunchStoryboardName = LaunchScreen;
				INFOPLIST_KEY_UISupportedInterfaceOrientations_iPad = "UIInterfaceOrientationPortrait UIInterfaceOrientationPortraitUpsideDown UIInterfaceOrientationLandscapeLeft UIInterfaceOrientationLandscapeRight";
				INFOPLIST_KEY_UISupportedInterfaceOrientations_iPhone = "UIInterfaceOrientationPortrait UIInterfaceOrientationLandscapeLeft UIInterfaceOrientationLandscapeRight";
				LD_RUNPATH_SEARCH_PATHS = (
					"$(inherited)",
					"@executable_path/Frameworks",
				);
				MARKETING_VERSION = 1.0;
				PRODUCT_BUNDLE_IDENTIFIER = "KikiWang.Remote-Assignment-Week2";
				PRODUCT_NAME = "$(TARGET_NAME)";
				SWIFT_EMIT_LOC_STRINGS = YES;
				SWIFT_VERSION = 5.0;
				TARGETED_DEVICE_FAMILY = "1,2";
			};
			name = Release;
		};
/* End XCBuildConfiguration section */

/* Begin XCConfigurationList section */
		CC4B2CF52A56E8BF0038999E /* Build configuration list for PBXProject "Remote_Assignment_Week2" */ = {
			isa = XCConfigurationList;
			buildConfigurations = (
				CC4B2D0C2A56E8C10038999E /* Debug */,
				CC4B2D0D2A56E8C10038999E /* Release */,
			);
			defaultConfigurationIsVisible = 0;
			defaultConfigurationName = Release;
		};
		CC4B2D0E2A56E8C10038999E /* Build configuration list for PBXNativeTarget "Remote_Assignment_Week2" */ = {
			isa = XCConfigurationList;
			buildConfigurations = (
				CC4B2D0F2A56E8C10038999E /* Debug */,
				CC4B2D102A56E8C10038999E /* Release */,
			);
			defaultConfigurationIsVisible = 0;
			defaultConfigurationName = Release;
		};
/* End XCConfigurationList section */
	};
	rootObject = CC4B2CF22A56E8BF0038999E /* Project object */;
}
